
Microsoft Visual Studio Solution File, Format Version 12.00
# Visual Studio 15
VisualStudioVersion = 15.0.28307.572
MinimumVisualStudioVersion = 10.0.40219.1
Project("{8BC9CEB8-8B4A-11D0-8D11-00A0C91BC942}") = "Euclidean algorithm", "Euclidean algorithm\Euclidean algorithm.vcxproj", "{721E0DC2-A61D-4E5F-A8EC-A2815C959022}"
EndProject
Global
	GlobalSection(SolutionConfigurationPlatforms) = preSolution
		Debug|x64 = Debug|x64
		Debug|x86 = Debug|x86
		Release|x64 = Release|x64
		Release|x86 = Release|x86
	EndGlobalSection
	GlobalSection(ProjectConfigurationPlatforms) = postSolution
		{721E0DC2-A61D-4E5F-A8EC-A2815C959022}.Debug|x64.ActiveCfg = Debug|x64
		{721E0DC2-A61D-4E5F-A8EC-A2815C959022}.Debug|x64.Build.0 = Debug|x64
		{721E0DC2-A61D-4E5F-A8EC-A2815C959022}.Debug|x86.ActiveCfg = Debug|Win32
		{721E0DC2-A61D-4E5F-A8EC-A2815C959022}.Debug|x86.Build.0 = Debug|Win32
		{721E0DC2-A61D-4E5F-A8EC-A2815C959022}.Release|x64.ActiveCfg = Release|x64
		{721E0DC2-A61D-4E5F-A8EC-A2815C959022}.Release|x64.Build.0 = Release|x64
		{721E0DC2-A61D-4E5F-A8EC-A2815C959022}.Release|x86.ActiveCfg = Release|Win32
		{721E0DC2-A61D-4E5F-A8EC-A2815C959022}.Release|x86.Build.0 = Release|Win32
	EndGlobalSection
	GlobalSection(SolutionProperties) = preSolution
		HideSolutionNode = FALSE
	EndGlobalSection
	GlobalSection(ExtensibilityGlobals) = postSolution
		SolutionGuid = {A6FC0146-AB72-414A-AC95-DD0ED448AEEC}
	EndGlobalSection
EndGlobal
