
Microsoft Visual Studio Solution File, Format Version 12.00
# Visual Studio 15
VisualStudioVersion = 15.0.28307.572
MinimumVisualStudioVersion = 10.0.40219.1
Project("{8BC9CEB8-8B4A-11D0-8D11-00A0C91BC942}") = "n^k", "n^k\n^k.vcxproj", "{FE72882D-B41D-4FC0-A87C-150FC983548D}"
EndProject
Global
	GlobalSection(SolutionConfigurationPlatforms) = preSolution
		Debug|x64 = Debug|x64
		Debug|x86 = Debug|x86
		Release|x64 = Release|x64
		Release|x86 = Release|x86
	EndGlobalSection
	GlobalSection(ProjectConfigurationPlatforms) = postSolution
		{FE72882D-B41D-4FC0-A87C-150FC983548D}.Debug|x64.ActiveCfg = Debug|x64
		{FE72882D-B41D-4FC0-A87C-150FC983548D}.Debug|x64.Build.0 = Debug|x64
		{FE72882D-B41D-4FC0-A87C-150FC983548D}.Debug|x86.ActiveCfg = Debug|Win32
		{FE72882D-B41D-4FC0-A87C-150FC983548D}.Debug|x86.Build.0 = Debug|Win32
		{FE72882D-B41D-4FC0-A87C-150FC983548D}.Release|x64.ActiveCfg = Release|x64
		{FE72882D-B41D-4FC0-A87C-150FC983548D}.Release|x64.Build.0 = Release|x64
		{FE72882D-B41D-4FC0-A87C-150FC983548D}.Release|x86.ActiveCfg = Release|Win32
		{FE72882D-B41D-4FC0-A87C-150FC983548D}.Release|x86.Build.0 = Release|Win32
	EndGlobalSection
	GlobalSection(SolutionProperties) = preSolution
		HideSolutionNode = FALSE
	EndGlobalSection
	GlobalSection(ExtensibilityGlobals) = postSolution
		SolutionGuid = {33700023-17D4-4A46-B113-8C82B1B202C5}
	EndGlobalSection
EndGlobal
