
Microsoft Visual Studio Solution File, Format Version 12.00
# Visual Studio 15
VisualStudioVersion = 15.0.28307.572
MinimumVisualStudioVersion = 10.0.40219.1
Project("{8BC9CEB8-8B4A-11D0-8D11-00A0C91BC942}") = "Binary Search", "Binary Search\Binary Search.vcxproj", "{64ADDAAD-3F31-4F88-B508-D236A738A136}"
EndProject
Global
	GlobalSection(SolutionConfigurationPlatforms) = preSolution
		Debug|x64 = Debug|x64
		Debug|x86 = Debug|x86
		Release|x64 = Release|x64
		Release|x86 = Release|x86
	EndGlobalSection
	GlobalSection(ProjectConfigurationPlatforms) = postSolution
		{64ADDAAD-3F31-4F88-B508-D236A738A136}.Debug|x64.ActiveCfg = Debug|x64
		{64ADDAAD-3F31-4F88-B508-D236A738A136}.Debug|x64.Build.0 = Debug|x64
		{64ADDAAD-3F31-4F88-B508-D236A738A136}.Debug|x86.ActiveCfg = Debug|Win32
		{64ADDAAD-3F31-4F88-B508-D236A738A136}.Debug|x86.Build.0 = Debug|Win32
		{64ADDAAD-3F31-4F88-B508-D236A738A136}.Release|x64.ActiveCfg = Release|x64
		{64ADDAAD-3F31-4F88-B508-D236A738A136}.Release|x64.Build.0 = Release|x64
		{64ADDAAD-3F31-4F88-B508-D236A738A136}.Release|x86.ActiveCfg = Release|Win32
		{64ADDAAD-3F31-4F88-B508-D236A738A136}.Release|x86.Build.0 = Release|Win32
	EndGlobalSection
	GlobalSection(SolutionProperties) = preSolution
		HideSolutionNode = FALSE
	EndGlobalSection
	GlobalSection(ExtensibilityGlobals) = postSolution
		SolutionGuid = {BB64F30E-4F3A-418B-B742-B64CACC96DE0}
	EndGlobalSection
EndGlobal
